// !$*UTF8*$!
{
	archiveVersion = 1;
	classes = {
	};
	objectVersion = 55;
	objects = {

/* Begin PBXBuildFile section */
		0DDB46D5EF89FAA334A52190 /* Pods_Uber.framework in Frameworks */ = {isa = PBXBuildFile; fileRef = 43F644803F25C9C83E9EFB2E /* Pods_Uber.framework */; };
		EA228076291BC9CB005C8357 /* HomeViewController.swift in Sources */ = {isa = PBXBuildFile; fileRef = EA228075291BC9CB005C8357 /* HomeViewController.swift */; };
		EA228078291BF25E005C8357 /* LocationInputActivationView.swift in Sources */ = {isa = PBXBuildFile; fileRef = EA228077291BF25E005C8357 /* LocationInputActivationView.swift */; };
		EA27DEDD291E8DA800E339DF /* User.swift in Sources */ = {isa = PBXBuildFile; fileRef = EA27DEDC291E8DA800E339DF /* User.swift */; };
		EA2D703F2912AA45007004B5 /* AppDelegate.swift in Sources */ = {isa = PBXBuildFile; fileRef = EA2D703E2912AA45007004B5 /* AppDelegate.swift */; };
		EA2D70412912AA45007004B5 /* SceneDelegate.swift in Sources */ = {isa = PBXBuildFile; fileRef = EA2D70402912AA45007004B5 /* SceneDelegate.swift */; };
		EA2D70462912AA45007004B5 /* Main.storyboard in Resources */ = {isa = PBXBuildFile; fileRef = EA2D70442912AA45007004B5 /* Main.storyboard */; };
		EA2D70482912AA47007004B5 /* Assets.xcassets in Resources */ = {isa = PBXBuildFile; fileRef = EA2D70472912AA47007004B5 /* Assets.xcassets */; };
		EA2D704B2912AA47007004B5 /* LaunchScreen.storyboard in Resources */ = {isa = PBXBuildFile; fileRef = EA2D70492912AA47007004B5 /* LaunchScreen.storyboard */; };
		EA2D70582912AA9B007004B5 /* LoginViewController.swift in Sources */ = {isa = PBXBuildFile; fileRef = EA2D70572912AA9B007004B5 /* LoginViewController.swift */; };
		EA662CAF2923DA2F00904935 /* RideActivationView.swift in Sources */ = {isa = PBXBuildFile; fileRef = EA662CAE2923DA2F00904935 /* RideActivationView.swift */; };
		EA7677D229209574004E45AC /* LocationHandler.swift in Sources */ = {isa = PBXBuildFile; fileRef = EA7677D129209574004E45AC /* LocationHandler.swift */; };
		EA7677D4292129EB004E45AC /* DriverAnnotation.swift in Sources */ = {isa = PBXBuildFile; fileRef = EA7677D3292129EB004E45AC /* DriverAnnotation.swift */; };
		EA7792D829151DB500166508 /* GoogleService-Info.plist in Resources */ = {isa = PBXBuildFile; fileRef = EA7792D729151DB500166508 /* GoogleService-Info.plist */; };
		EA7792FC291A8BA800166508 /* CustomUIView.swift in Sources */ = {isa = PBXBuildFile; fileRef = EA7792FB291A8BA800166508 /* CustomUIView.swift */; };
		EA8C6B2929252661002F1579 /* Trip.swift in Sources */ = {isa = PBXBuildFile; fileRef = EA8C6B2829252661002F1579 /* Trip.swift */; };
		EA8C6B2B292542C7002F1579 /* PickupViewController.swift in Sources */ = {isa = PBXBuildFile; fileRef = EA8C6B2A292542C7002F1579 /* PickupViewController.swift */; };
		EABCD1142913D09F0063D848 /* CustomQuestionButton.swift in Sources */ = {isa = PBXBuildFile; fileRef = EABCD1132913D09E0063D848 /* CustomQuestionButton.swift */; };
		EABCD1162913DF7D0063D848 /* SignUpViewController.swift in Sources */ = {isa = PBXBuildFile; fileRef = EABCD1152913DF7D0063D848 /* SignUpViewController.swift */; };
		EABCD1182913E9A10063D848 /* CustomSegmentedControll.swift in Sources */ = {isa = PBXBuildFile; fileRef = EABCD1172913E9A10063D848 /* CustomSegmentedControll.swift */; };
		EABCD11A29140B910063D848 /* CustomButtonWithBackground.swift in Sources */ = {isa = PBXBuildFile; fileRef = EABCD11929140B910063D848 /* CustomButtonWithBackground.swift */; };
		EACCA63C291D1BF400BF80C4 /* Extentions.swift in Sources */ = {isa = PBXBuildFile; fileRef = EACCA63B291D1BF400BF80C4 /* Extentions.swift */; };
		EACCA63E291D1D8E00BF80C4 /* LocationInputView.swift in Sources */ = {isa = PBXBuildFile; fileRef = EACCA63D291D1D8E00BF80C4 /* LocationInputView.swift */; };
		EACCA641291E5B5C00BF80C4 /* LocationTableViewCell.swift in Sources */ = {isa = PBXBuildFile; fileRef = EACCA640291E5B5C00BF80C4 /* LocationTableViewCell.swift */; };
		EACCA643291E799600BF80C4 /* Service.swift in Sources */ = {isa = PBXBuildFile; fileRef = EACCA642291E799600BF80C4 /* Service.swift */; };
/* End PBXBuildFile section */

/* Begin PBXFileReference section */
		43F644803F25C9C83E9EFB2E /* Pods_Uber.framework */ = {isa = PBXFileReference; explicitFileType = wrapper.framework; includeInIndex = 0; path = Pods_Uber.framework; sourceTree = BUILT_PRODUCTS_DIR; };
		71EE836681FFCB55A9E7BFD8 /* Pods-Uber.debug.xcconfig */ = {isa = PBXFileReference; includeInIndex = 1; lastKnownFileType = text.xcconfig; name = "Pods-Uber.debug.xcconfig"; path = "Target Support Files/Pods-Uber/Pods-Uber.debug.xcconfig"; sourceTree = "<group>"; };
		DE292FB4A24C948506CC82DE /* Pods-Uber.release.xcconfig */ = {isa = PBXFileReference; includeInIndex = 1; lastKnownFileType = text.xcconfig; name = "Pods-Uber.release.xcconfig"; path = "Target Support Files/Pods-Uber/Pods-Uber.release.xcconfig"; sourceTree = "<group>"; };
		EA228075291BC9CB005C8357 /* HomeViewController.swift */ = {isa = PBXFileReference; lastKnownFileType = sourcecode.swift; path = HomeViewController.swift; sourceTree = "<group>"; };
		EA228077291BF25E005C8357 /* LocationInputActivationView.swift */ = {isa = PBXFileReference; lastKnownFileType = sourcecode.swift; path = LocationInputActivationView.swift; sourceTree = "<group>"; };
		EA27DEDC291E8DA800E339DF /* User.swift */ = {isa = PBXFileReference; lastKnownFileType = sourcecode.swift; path = User.swift; sourceTree = "<group>"; };
		EA2D703B2912AA45007004B5 /* Uber.app */ = {isa = PBXFileReference; explicitFileType = wrapper.application; includeInIndex = 0; path = Uber.app; sourceTree = BUILT_PRODUCTS_DIR; };
		EA2D703E2912AA45007004B5 /* AppDelegate.swift */ = {isa = PBXFileReference; lastKnownFileType = sourcecode.swift; path = AppDelegate.swift; sourceTree = "<group>"; };
		EA2D70402912AA45007004B5 /* SceneDelegate.swift */ = {isa = PBXFileReference; lastKnownFileType = sourcecode.swift; path = SceneDelegate.swift; sourceTree = "<group>"; };
		EA2D70452912AA45007004B5 /* Base */ = {isa = PBXFileReference; lastKnownFileType = file.storyboard; name = Base; path = Base.lproj/Main.storyboard; sourceTree = "<group>"; };
		EA2D70472912AA47007004B5 /* Assets.xcassets */ = {isa = PBXFileReference; lastKnownFileType = folder.assetcatalog; path = Assets.xcassets; sourceTree = "<group>"; };
		EA2D704A2912AA47007004B5 /* Base */ = {isa = PBXFileReference; lastKnownFileType = file.storyboard; name = Base; path = Base.lproj/LaunchScreen.storyboard; sourceTree = "<group>"; };
		EA2D704C2912AA47007004B5 /* Info.plist */ = {isa = PBXFileReference; lastKnownFileType = text.plist.xml; path = Info.plist; sourceTree = "<group>"; };
		EA2D70572912AA9B007004B5 /* LoginViewController.swift */ = {isa = PBXFileReference; lastKnownFileType = sourcecode.swift; path = LoginViewController.swift; sourceTree = "<group>"; };
		EA662CAE2923DA2F00904935 /* RideActivationView.swift */ = {isa = PBXFileReference; lastKnownFileType = sourcecode.swift; path = RideActivationView.swift; sourceTree = "<group>"; };
		EA7677D129209574004E45AC /* LocationHandler.swift */ = {isa = PBXFileReference; lastKnownFileType = sourcecode.swift; path = LocationHandler.swift; sourceTree = "<group>"; };
		EA7677D3292129EB004E45AC /* DriverAnnotation.swift */ = {isa = PBXFileReference; lastKnownFileType = sourcecode.swift; path = DriverAnnotation.swift; sourceTree = "<group>"; };
		EA7792D729151DB500166508 /* GoogleService-Info.plist */ = {isa = PBXFileReference; fileEncoding = 4; lastKnownFileType = text.plist.xml; path = "GoogleService-Info.plist"; sourceTree = "<group>"; };
		EA7792FB291A8BA800166508 /* CustomUIView.swift */ = {isa = PBXFileReference; lastKnownFileType = sourcecode.swift; path = CustomUIView.swift; sourceTree = "<group>"; };
		EA8C6B2829252661002F1579 /* Trip.swift */ = {isa = PBXFileReference; lastKnownFileType = sourcecode.swift; path = Trip.swift; sourceTree = "<group>"; };
		EA8C6B2A292542C7002F1579 /* PickupViewController.swift */ = {isa = PBXFileReference; lastKnownFileType = sourcecode.swift; path = PickupViewController.swift; sourceTree = "<group>"; };
		EABCD1132913D09E0063D848 /* CustomQuestionButton.swift */ = {isa = PBXFileReference; lastKnownFileType = sourcecode.swift; path = CustomQuestionButton.swift; sourceTree = "<group>"; };
		EABCD1152913DF7D0063D848 /* SignUpViewController.swift */ = {isa = PBXFileReference; lastKnownFileType = sourcecode.swift; path = SignUpViewController.swift; sourceTree = "<group>"; };
		EABCD1172913E9A10063D848 /* CustomSegmentedControll.swift */ = {isa = PBXFileReference; lastKnownFileType = sourcecode.swift; path = CustomSegmentedControll.swift; sourceTree = "<group>"; };
		EABCD11929140B910063D848 /* CustomButtonWithBackground.swift */ = {isa = PBXFileReference; lastKnownFileType = sourcecode.swift; path = CustomButtonWithBackground.swift; sourceTree = "<group>"; };
		EACCA63B291D1BF400BF80C4 /* Extentions.swift */ = {isa = PBXFileReference; lastKnownFileType = sourcecode.swift; path = Extentions.swift; sourceTree = "<group>"; };
		EACCA63D291D1D8E00BF80C4 /* LocationInputView.swift */ = {isa = PBXFileReference; lastKnownFileType = sourcecode.swift; path = LocationInputView.swift; sourceTree = "<group>"; };
		EACCA640291E5B5C00BF80C4 /* LocationTableViewCell.swift */ = {isa = PBXFileReference; lastKnownFileType = sourcecode.swift; path = LocationTableViewCell.swift; sourceTree = "<group>"; };
		EACCA642291E799600BF80C4 /* Service.swift */ = {isa = PBXFileReference; lastKnownFileType = sourcecode.swift; path = Service.swift; sourceTree = "<group>"; };
/* End PBXFileReference section */

/* Begin PBXFrameworksBuildPhase section */
		EA2D70382912AA45007004B5 /* Frameworks */ = {
			isa = PBXFrameworksBuildPhase;
			buildActionMask = 2147483647;
			files = (
				0DDB46D5EF89FAA334A52190 /* Pods_Uber.framework in Frameworks */,
			);
			runOnlyForDeploymentPostprocessing = 0;
		};
/* End PBXFrameworksBuildPhase section */

/* Begin PBXGroup section */
		0FB7009B97FCEEEB56C8E5DF /* Frameworks */ = {
			isa = PBXGroup;
			children = (
				43F644803F25C9C83E9EFB2E /* Pods_Uber.framework */,
			);
			name = Frameworks;
			sourceTree = "<group>";
		};
		16613110080321743136D523 /* Pods */ = {
			isa = PBXGroup;
			children = (
				71EE836681FFCB55A9E7BFD8 /* Pods-Uber.debug.xcconfig */,
				DE292FB4A24C948506CC82DE /* Pods-Uber.release.xcconfig */,
			);
			path = Pods;
			sourceTree = "<group>";
		};
		EA2D70322912AA45007004B5 = {
			isa = PBXGroup;
			children = (
				EA2D703D2912AA45007004B5 /* Uber */,
				EA2D703C2912AA45007004B5 /* Products */,
				16613110080321743136D523 /* Pods */,
				0FB7009B97FCEEEB56C8E5DF /* Frameworks */,
			);
			sourceTree = "<group>";
		};
		EA2D703C2912AA45007004B5 /* Products */ = {
			isa = PBXGroup;
			children = (
				EA2D703B2912AA45007004B5 /* Uber.app */,
			);
			name = Products;
			sourceTree = "<group>";
		};
		EA2D703D2912AA45007004B5 /* Uber */ = {
			isa = PBXGroup;
			children = (
				EA2D703E2912AA45007004B5 /* AppDelegate.swift */,
				EA2D70402912AA45007004B5 /* SceneDelegate.swift */,
				EABDD20A2913BC4800E3C036 /* CustomView */,
				EA2D70562912AA56007004B5 /* Models */,
				EA2D70552912AA54007004B5 /* Views */,
				EA2D70542912AA51007004B5 /* Controllers */,
				EA2D70532912AA4C007004B5 /* Services */,
				EA2D70522912AA4A007004B5 /* Utils */,
				EA2D70442912AA45007004B5 /* Main.storyboard */,
				EA2D70472912AA47007004B5 /* Assets.xcassets */,
				EA2D70492912AA47007004B5 /* LaunchScreen.storyboard */,
				EA7792D729151DB500166508 /* GoogleService-Info.plist */,
				EA2D704C2912AA47007004B5 /* Info.plist */,
			);
			path = Uber;
			sourceTree = "<group>";
		};
		EA2D70522912AA4A007004B5 /* Utils */ = {
			isa = PBXGroup;
			children = (
				EACCA63B291D1BF400BF80C4 /* Extentions.swift */,
			);
			path = Utils;
			sourceTree = "<group>";
		};
		EA2D70532912AA4C007004B5 /* Services */ = {
			isa = PBXGroup;
			children = (
				EACCA642291E799600BF80C4 /* Service.swift */,
				EA7677D129209574004E45AC /* LocationHandler.swift */,
			);
			path = Services;
			sourceTree = "<group>";
		};
		EA2D70542912AA51007004B5 /* Controllers */ = {
			isa = PBXGroup;
			children = (
			);
			path = Controllers;
			sourceTree = "<group>";
		};
		EA2D70552912AA54007004B5 /* Views */ = {
			isa = PBXGroup;
			children = (
				EA2D70572912AA9B007004B5 /* LoginViewController.swift */,
				EABCD1152913DF7D0063D848 /* SignUpViewController.swift */,
				EA228075291BC9CB005C8357 /* HomeViewController.swift */,
				EA8C6B2A292542C7002F1579 /* PickupViewController.swift */,
			);
			path = Views;
			sourceTree = "<group>";
		};
		EA2D70562912AA56007004B5 /* Models */ = {
			isa = PBXGroup;
			children = (
				EA27DEDC291E8DA800E339DF /* User.swift */,
				EA7677D3292129EB004E45AC /* DriverAnnotation.swift */,
				EA8C6B2829252661002F1579 /* Trip.swift */,
			);
			path = Models;
			sourceTree = "<group>";
		};
		EABDD20A2913BC4800E3C036 /* CustomView */ = {
			isa = PBXGroup;
			children = (
				EACCA63F291E5B4600BF80C4 /* CustomCell */,
				EA7792FB291A8BA800166508 /* CustomUIView.swift */,
				EABCD11929140B910063D848 /* CustomButtonWithBackground.swift */,
				EABCD1132913D09E0063D848 /* CustomQuestionButton.swift */,
				EABCD1172913E9A10063D848 /* CustomSegmentedControll.swift */,
				EA228077291BF25E005C8357 /* LocationInputActivationView.swift */,
				EACCA63D291D1D8E00BF80C4 /* LocationInputView.swift */,
				EA662CAE2923DA2F00904935 /* RideActivationView.swift */,
			);
			path = CustomView;
			sourceTree = "<group>";
		};
		EACCA63F291E5B4600BF80C4 /* CustomCell */ = {
			isa = PBXGroup;
			children = (
				EACCA640291E5B5C00BF80C4 /* LocationTableViewCell.swift */,
			);
			path = CustomCell;
			sourceTree = "<group>";
		};
/* End PBXGroup section */

/* Begin PBXNativeTarget section */
		EA2D703A2912AA45007004B5 /* Uber */ = {
			isa = PBXNativeTarget;
			buildConfigurationList = EA2D704F2912AA47007004B5 /* Build configuration list for PBXNativeTarget "Uber" */;
			buildPhases = (
				1B3EC32388F2C6288038690A /* [CP] Check Pods Manifest.lock */,
				EA2D70372912AA45007004B5 /* Sources */,
				EA2D70382912AA45007004B5 /* Frameworks */,
				EA2D70392912AA45007004B5 /* Resources */,
				EB807314148FB10C123616B5 /* [CP] Embed Pods Frameworks */,
			);
			buildRules = (
			);
			dependencies = (
			);
			name = Uber;
			productName = Uber;
			productReference = EA2D703B2912AA45007004B5 /* Uber.app */;
			productType = "com.apple.product-type.application";
		};
/* End PBXNativeTarget section */

/* Begin PBXProject section */
		EA2D70332912AA45007004B5 /* Project object */ = {
			isa = PBXProject;
			attributes = {
				BuildIndependentTargetsInParallel = 1;
				LastSwiftUpdateCheck = 1320;
				LastUpgradeCheck = 1320;
				TargetAttributes = {
					EA2D703A2912AA45007004B5 = {
						CreatedOnToolsVersion = 13.2.1;
					};
				};
			};
			buildConfigurationList = EA2D70362912AA45007004B5 /* Build configuration list for PBXProject "Uber" */;
			compatibilityVersion = "Xcode 13.0";
			developmentRegion = en;
			hasScannedForEncodings = 0;
			knownRegions = (
				en,
				Base,
			);
			mainGroup = EA2D70322912AA45007004B5;
			productRefGroup = EA2D703C2912AA45007004B5 /* Products */;
			projectDirPath = "";
			projectRoot = "";
			targets = (
				EA2D703A2912AA45007004B5 /* Uber */,
			);
		};
/* End PBXProject section */

/* Begin PBXResourcesBuildPhase section */
		EA2D70392912AA45007004B5 /* Resources */ = {
			isa = PBXResourcesBuildPhase;
			buildActionMask = 2147483647;
			files = (
				EA2D704B2912AA47007004B5 /* LaunchScreen.storyboard in Resources */,
				EA7792D829151DB500166508 /* GoogleService-Info.plist in Resources */,
				EA2D70482912AA47007004B5 /* Assets.xcassets in Resources */,
				EA2D70462912AA45007004B5 /* Main.storyboard in Resources */,
			);
			runOnlyForDeploymentPostprocessing = 0;
		};
/* End PBXResourcesBuildPhase section */

/* Begin PBXShellScriptBuildPhase section */
		1B3EC32388F2C6288038690A /* [CP] Check Pods Manifest.lock */ = {
			isa = PBXShellScriptBuildPhase;
			buildActionMask = 2147483647;
			files = (
			);
			inputFileListPaths = (
			);
			inputPaths = (
				"${PODS_PODFILE_DIR_PATH}/Podfile.lock",
				"${PODS_ROOT}/Manifest.lock",
			);
			name = "[CP] Check Pods Manifest.lock";
			outputFileListPaths = (
			);
			outputPaths = (
				"$(DERIVED_FILE_DIR)/Pods-Uber-checkManifestLockResult.txt",
			);
			runOnlyForDeploymentPostprocessing = 0;
			shellPath = /bin/sh;
			shellScript = "diff \"${PODS_PODFILE_DIR_PATH}/Podfile.lock\" \"${PODS_ROOT}/Manifest.lock\" > /dev/null\nif [ $? != 0 ] ; then\n    # print error to STDERR\n    echo \"error: The sandbox is not in sync with the Podfile.lock. Run 'pod install' or update your CocoaPods installation.\" >&2\n    exit 1\nfi\n# This output is used by Xcode 'outputs' to avoid re-running this script phase.\necho \"SUCCESS\" > \"${SCRIPT_OUTPUT_FILE_0}\"\n";
			showEnvVarsInLog = 0;
		};
		EB807314148FB10C123616B5 /* [CP] Embed Pods Frameworks */ = {
			isa = PBXShellScriptBuildPhase;
			buildActionMask = 2147483647;
			files = (
			);
			inputFileListPaths = (
				"${PODS_ROOT}/Target Support Files/Pods-Uber/Pods-Uber-frameworks-${CONFIGURATION}-input-files.xcfilelist",
			);
			name = "[CP] Embed Pods Frameworks";
			outputFileListPaths = (
				"${PODS_ROOT}/Target Support Files/Pods-Uber/Pods-Uber-frameworks-${CONFIGURATION}-output-files.xcfilelist",
			);
			runOnlyForDeploymentPostprocessing = 0;
			shellPath = /bin/sh;
			shellScript = "\"${PODS_ROOT}/Target Support Files/Pods-Uber/Pods-Uber-frameworks.sh\"\n";
			showEnvVarsInLog = 0;
		};
/* End PBXShellScriptBuildPhase section */

/* Begin PBXSourcesBuildPhase section */
		EA2D70372912AA45007004B5 /* Sources */ = {
			isa = PBXSourcesBuildPhase;
			buildActionMask = 2147483647;
			files = (
				EA8C6B2B292542C7002F1579 /* PickupViewController.swift in Sources */,
				EA228078291BF25E005C8357 /* LocationInputActivationView.swift in Sources */,
				EACCA643291E799600BF80C4 /* Service.swift in Sources */,
				EABCD11A29140B910063D848 /* CustomButtonWithBackground.swift in Sources */,
				EA7677D4292129EB004E45AC /* DriverAnnotation.swift in Sources */,
				EABCD1162913DF7D0063D848 /* SignUpViewController.swift in Sources */,
				EABCD1182913E9A10063D848 /* CustomSegmentedControll.swift in Sources */,
				EABCD1142913D09F0063D848 /* CustomQuestionButton.swift in Sources */,
				EACCA641291E5B5C00BF80C4 /* LocationTableViewCell.swift in Sources */,
				EA662CAF2923DA2F00904935 /* RideActivationView.swift in Sources */,
				EA7677D229209574004E45AC /* LocationHandler.swift in Sources */,
				EA8C6B2929252661002F1579 /* Trip.swift in Sources */,
				EA2D70582912AA9B007004B5 /* LoginViewController.swift in Sources */,
				EA27DEDD291E8DA800E339DF /* User.swift in Sources */,
				EACCA63E291D1D8E00BF80C4 /* LocationInputView.swift in Sources */,
				EA228076291BC9CB005C8357 /* HomeViewController.swift in Sources */,
				EA2D703F2912AA45007004B5 /* AppDelegate.swift in Sources */,
				EA7792FC291A8BA800166508 /* CustomUIView.swift in Sources */,
				EACCA63C291D1BF400BF80C4 /* Extentions.swift in Sources */,
				EA2D70412912AA45007004B5 /* SceneDelegate.swift in Sources */,
			);
			runOnlyForDeploymentPostprocessing = 0;
		};
/* End PBXSourcesBuildPhase section */

/* Begin PBXVariantGroup section */
		EA2D70442912AA45007004B5 /* Main.storyboard */ = {
			isa = PBXVariantGroup;
			children = (
				EA2D70452912AA45007004B5 /* Base */,
			);
			name = Main.storyboard;
			sourceTree = "<group>";
		};
		EA2D70492912AA47007004B5 /* LaunchScreen.storyboard */ = {
			isa = PBXVariantGroup;
			children = (
				EA2D704A2912AA47007004B5 /* Base */,
			);
			name = LaunchScreen.storyboard;
			sourceTree = "<group>";
		};
/* End PBXVariantGroup section */

/* Begin XCBuildConfiguration section */
		EA2D704D2912AA47007004B5 /* Debug */ = {
			isa = XCBuildConfiguration;
			buildSettings = {
				ALWAYS_SEARCH_USER_PATHS = NO;
				CLANG_ANALYZER_NONNULL = YES;
				CLANG_ANALYZER_NUMBER_OBJECT_CONVERSION = YES_AGGRESSIVE;
				CLANG_CXX_LANGUAGE_STANDARD = "gnu++17";
				CLANG_CXX_LIBRARY = "libc++";
				CLANG_ENABLE_MODULES = YES;
				CLANG_ENABLE_OBJC_ARC = YES;
				CLANG_ENABLE_OBJC_WEAK = YES;
				CLANG_WARN_BLOCK_CAPTURE_AUTORELEASING = YES;
				CLANG_WARN_BOOL_CONVERSION = YES;
				CLANG_WARN_COMMA = YES;
				CLANG_WARN_CONSTANT_CONVERSION = YES;
				CLANG_WARN_DEPRECATED_OBJC_IMPLEMENTATIONS = YES;
				CLANG_WARN_DIRECT_OBJC_ISA_USAGE = YES_ERROR;
				CLANG_WARN_DOCUMENTATION_COMMENTS = YES;
				CLANG_WARN_EMPTY_BODY = YES;
				CLANG_WARN_ENUM_CONVERSION = YES;
				CLANG_WARN_INFINITE_RECURSION = YES;
				CLANG_WARN_INT_CONVERSION = YES;
				CLANG_WARN_NON_LITERAL_NULL_CONVERSION = YES;
				CLANG_WARN_OBJC_IMPLICIT_RETAIN_SELF = YES;
				CLANG_WARN_OBJC_LITERAL_CONVERSION = YES;
				CLANG_WARN_OBJC_ROOT_CLASS = YES_ERROR;
				CLANG_WARN_QUOTED_INCLUDE_IN_FRAMEWORK_HEADER = YES;
				CLANG_WARN_RANGE_LOOP_ANALYSIS = YES;
				CLANG_WARN_STRICT_PROTOTYPES = YES;
				CLANG_WARN_SUSPICIOUS_MOVE = YES;
				CLANG_WARN_UNGUARDED_AVAILABILITY = YES_AGGRESSIVE;
				CLANG_WARN_UNREACHABLE_CODE = YES;
				CLANG_WARN__DUPLICATE_METHOD_MATCH = YES;
				COPY_PHASE_STRIP = NO;
				DEBUG_INFORMATION_FORMAT = dwarf;
				ENABLE_STRICT_OBJC_MSGSEND = YES;
				ENABLE_TESTABILITY = YES;
				GCC_C_LANGUAGE_STANDARD = gnu11;
				GCC_DYNAMIC_NO_PIC = NO;
				GCC_NO_COMMON_BLOCKS = YES;
				GCC_OPTIMIZATION_LEVEL = 0;
				GCC_PREPROCESSOR_DEFINITIONS = (
					"DEBUG=1",
					"$(inherited)",
				);
				GCC_WARN_64_TO_32_BIT_CONVERSION = YES;
				GCC_WARN_ABOUT_RETURN_TYPE = YES_ERROR;
				GCC_WARN_UNDECLARED_SELECTOR = YES;
				GCC_WARN_UNINITIALIZED_AUTOS = YES_AGGRESSIVE;
				GCC_WARN_UNUSED_FUNCTION = YES;
				GCC_WARN_UNUSED_VARIABLE = YES;
				IPHONEOS_DEPLOYMENT_TARGET = 15.2;
				MTL_ENABLE_DEBUG_INFO = INCLUDE_SOURCE;
				MTL_FAST_MATH = YES;
				ONLY_ACTIVE_ARCH = YES;
				SDKROOT = iphoneos;
				SWIFT_ACTIVE_COMPILATION_CONDITIONS = DEBUG;
				SWIFT_OPTIMIZATION_LEVEL = "-Onone";
			};
			name = Debug;
		};
		EA2D704E2912AA47007004B5 /* Release */ = {
			isa = XCBuildConfiguration;
			buildSettings = {
				ALWAYS_SEARCH_USER_PATHS = NO;
				CLANG_ANALYZER_NONNULL = YES;
				CLANG_ANALYZER_NUMBER_OBJECT_CONVERSION = YES_AGGRESSIVE;
				CLANG_CXX_LANGUAGE_STANDARD = "gnu++17";
				CLANG_CXX_LIBRARY = "libc++";
				CLANG_ENABLE_MODULES = YES;
				CLANG_ENABLE_OBJC_ARC = YES;
				CLANG_ENABLE_OBJC_WEAK = YES;
				CLANG_WARN_BLOCK_CAPTURE_AUTORELEASING = YES;
				CLANG_WARN_BOOL_CONVERSION = YES;
				CLANG_WARN_COMMA = YES;
				CLANG_WARN_CONSTANT_CONVERSION = YES;
				CLANG_WARN_DEPRECATED_OBJC_IMPLEMENTATIONS = YES;
				CLANG_WARN_DIRECT_OBJC_ISA_USAGE = YES_ERROR;
				CLANG_WARN_DOCUMENTATION_COMMENTS = YES;
				CLANG_WARN_EMPTY_BODY = YES;
				CLANG_WARN_ENUM_CONVERSION = YES;
				CLANG_WARN_INFINITE_RECURSION = YES;
				CLANG_WARN_INT_CONVERSION = YES;
				CLANG_WARN_NON_LITERAL_NULL_CONVERSION = YES;
				CLANG_WARN_OBJC_IMPLICIT_RETAIN_SELF = YES;
				CLANG_WARN_OBJC_LITERAL_CONVERSION = YES;
				CLANG_WARN_OBJC_ROOT_CLASS = YES_ERROR;
				CLANG_WARN_QUOTED_INCLUDE_IN_FRAMEWORK_HEADER = YES;
				CLANG_WARN_RANGE_LOOP_ANALYSIS = YES;
				CLANG_WARN_STRICT_PROTOTYPES = YES;
				CLANG_WARN_SUSPICIOUS_MOVE = YES;
				CLANG_WARN_UNGUARDED_AVAILABILITY = YES_AGGRESSIVE;
				CLANG_WARN_UNREACHABLE_CODE = YES;
				CLANG_WARN__DUPLICATE_METHOD_MATCH = YES;
				COPY_PHASE_STRIP = NO;
				DEBUG_INFORMATION_FORMAT = "dwarf-with-dsym";
				ENABLE_NS_ASSERTIONS = NO;
				ENABLE_STRICT_OBJC_MSGSEND = YES;
				GCC_C_LANGUAGE_STANDARD = gnu11;
				GCC_NO_COMMON_BLOCKS = YES;
				GCC_WARN_64_TO_32_BIT_CONVERSION = YES;
				GCC_WARN_ABOUT_RETURN_TYPE = YES_ERROR;
				GCC_WARN_UNDECLARED_SELECTOR = YES;
				GCC_WARN_UNINITIALIZED_AUTOS = YES_AGGRESSIVE;
				GCC_WARN_UNUSED_FUNCTION = YES;
				GCC_WARN_UNUSED_VARIABLE = YES;
				IPHONEOS_DEPLOYMENT_TARGET = 15.2;
				MTL_ENABLE_DEBUG_INFO = NO;
				MTL_FAST_MATH = YES;
				SDKROOT = iphoneos;
				SWIFT_COMPILATION_MODE = wholemodule;
				SWIFT_OPTIMIZATION_LEVEL = "-O";
				VALIDATE_PRODUCT = YES;
			};
			name = Release;
		};
		EA2D70502912AA47007004B5 /* Debug */ = {
			isa = XCBuildConfiguration;
			baseConfigurationReference = 71EE836681FFCB55A9E7BFD8 /* Pods-Uber.debug.xcconfig */;
			buildSettings = {
				ASSETCATALOG_COMPILER_APPICON_NAME = AppIcon;
				ASSETCATALOG_COMPILER_GLOBAL_ACCENT_COLOR_NAME = AccentColor;
				CODE_SIGN_STYLE = Automatic;
				CURRENT_PROJECT_VERSION = 1;
				DEVELOPMENT_TEAM = 245CFNF5C7;
				GENERATE_INFOPLIST_FILE = YES;
				INFOPLIST_FILE = Uber/Info.plist;
				INFOPLIST_KEY_UIApplicationSupportsIndirectInputEvents = YES;
				INFOPLIST_KEY_UILaunchStoryboardName = LaunchScreen;
				INFOPLIST_KEY_UIMainStoryboardFile = Main;
				INFOPLIST_KEY_UISupportedInterfaceOrientations_iPad = "UIInterfaceOrientationPortrait UIInterfaceOrientationPortraitUpsideDown UIInterfaceOrientationLandscapeLeft UIInterfaceOrientationLandscapeRight";
				INFOPLIST_KEY_UISupportedInterfaceOrientations_iPhone = "UIInterfaceOrientationPortrait UIInterfaceOrientationLandscapeLeft UIInterfaceOrientationLandscapeRight";
				LD_RUNPATH_SEARCH_PATHS = (
					"$(inherited)",
					"@executable_path/Frameworks",
				);
				MARKETING_VERSION = 1.0;
				PRODUCT_BUNDLE_IDENTIFIER = "ru.narzikulov-99-mail.Uber";
				PRODUCT_NAME = "$(TARGET_NAME)";
				SWIFT_EMIT_LOC_STRINGS = YES;
				SWIFT_VERSION = 5.0;
				TARGETED_DEVICE_FAMILY = "1,2";
			};
			name = Debug;
		};
		EA2D70512912AA47007004B5 /* Release */ = {
			isa = XCBuildConfiguration;
			baseConfigurationReference = DE292FB4A24C948506CC82DE /* Pods-Uber.release.xcconfig */;
			buildSettings = {
				ASSETCATALOG_COMPILER_APPICON_NAME = AppIcon;
				ASSETCATALOG_COMPILER_GLOBAL_ACCENT_COLOR_NAME = AccentColor;
				CODE_SIGN_STYLE = Automatic;
				CURRENT_PROJECT_VERSION = 1;
				DEVELOPMENT_TEAM = 245CFNF5C7;
				GENERATE_INFOPLIST_FILE = YES;
				INFOPLIST_FILE = Uber/Info.plist;
				INFOPLIST_KEY_UIApplicationSupportsIndirectInputEvents = YES;
				INFOPLIST_KEY_UILaunchStoryboardName = LaunchScreen;
				INFOPLIST_KEY_UIMainStoryboardFile = Main;
				INFOPLIST_KEY_UISupportedInterfaceOrientations_iPad = "UIInterfaceOrientationPortrait UIInterfaceOrientationPortraitUpsideDown UIInterfaceOrientationLandscapeLeft UIInterfaceOrientationLandscapeRight";
				INFOPLIST_KEY_UISupportedInterfaceOrientations_iPhone = "UIInterfaceOrientationPortrait UIInterfaceOrientationLandscapeLeft UIInterfaceOrientationLandscapeRight";
				LD_RUNPATH_SEARCH_PATHS = (
					"$(inherited)",
					"@executable_path/Frameworks",
				);
				MARKETING_VERSION = 1.0;
				PRODUCT_BUNDLE_IDENTIFIER = "ru.narzikulov-99-mail.Uber";
				PRODUCT_NAME = "$(TARGET_NAME)";
				SWIFT_EMIT_LOC_STRINGS = YES;
				SWIFT_VERSION = 5.0;
				TARGETED_DEVICE_FAMILY = "1,2";
			};
			name = Release;
		};
/* End XCBuildConfiguration section */

/* Begin XCConfigurationList section */
		EA2D70362912AA45007004B5 /* Build configuration list for PBXProject "Uber" */ = {
			isa = XCConfigurationList;
			buildConfigurations = (
				EA2D704D2912AA47007004B5 /* Debug */,
				EA2D704E2912AA47007004B5 /* Release */,
			);
			defaultConfigurationIsVisible = 0;
			defaultConfigurationName = Release;
		};
		EA2D704F2912AA47007004B5 /* Build configuration list for PBXNativeTarget "Uber" */ = {
			isa = XCConfigurationList;
			buildConfigurations = (
				EA2D70502912AA47007004B5 /* Debug */,
				EA2D70512912AA47007004B5 /* Release */,
			);
			defaultConfigurationIsVisible = 0;
			defaultConfigurationName = Release;
		};
/* End XCConfigurationList section */
	};
	rootObject = EA2D70332912AA45007004B5 /* Project object */;
}
